
Microsoft Visual Studio Solution File, Format Version 12.00
# Visual Studio 15
VisualStudioVersion = 15.0.28307.902
MinimumVisualStudioVersion = 10.0.40219.1
Project("{FAE04EC0-301F-11D3-BF4B-00C04F79EFBC}") = "NumberToWordApp", "NumberToWordApp\NumberToWordApp.csproj", "{4ACAEB05-324B-4604-AFA1-474922A2338E}"
EndProject
Project("{FAE04EC0-301F-11D3-BF4B-00C04F79EFBC}") = "ProcessService", "ProcessService\ProcessService.csproj", "{C602716B-E76D-4A6E-8169-3BB314C4EF38}"
EndProject
Global
	GlobalSection(SolutionConfigurationPlatforms) = preSolution
		Debug|Any CPU = Debug|Any CPU
		Release|Any CPU = Release|Any CPU
	EndGlobalSection
	GlobalSection(ProjectConfigurationPlatforms) = postSolution
		{4ACAEB05-324B-4604-AFA1-474922A2338E}.Debug|Any CPU.ActiveCfg = Debug|Any CPU
		{4ACAEB05-324B-4604-AFA1-474922A2338E}.Debug|Any CPU.Build.0 = Debug|Any CPU
		{4ACAEB05-324B-4604-AFA1-474922A2338E}.Release|Any CPU.ActiveCfg = Release|Any CPU
		{4ACAEB05-324B-4604-AFA1-474922A2338E}.Release|Any CPU.Build.0 = Release|Any CPU
		{C602716B-E76D-4A6E-8169-3BB314C4EF38}.Debug|Any CPU.ActiveCfg = Debug|Any CPU
		{C602716B-E76D-4A6E-8169-3BB314C4EF38}.Debug|Any CPU.Build.0 = Debug|Any CPU
		{C602716B-E76D-4A6E-8169-3BB314C4EF38}.Release|Any CPU.ActiveCfg = Release|Any CPU
		{C602716B-E76D-4A6E-8169-3BB314C4EF38}.Release|Any CPU.Build.0 = Release|Any CPU
	EndGlobalSection
	GlobalSection(SolutionProperties) = preSolution
		HideSolutionNode = FALSE
	EndGlobalSection
	GlobalSection(ExtensibilityGlobals) = postSolution
		SolutionGuid = {35395A62-C126-4460-80FA-C4FCCF08F402}
	EndGlobalSection
EndGlobal
